<?xml version="1.0" encoding="utf-8"?>
<Project ToolsVersion="4.0" xmlns="http://schemas.microsoft.com/developer/msbuild/2003">
  <ItemGroup>
    <ClCompile Include="main.c" />
    <ClCompile Include="repo1\src\folder4\src\animal.c">
      <Filter>level_one\level_two</Filter>
    </ClCompile>
    <ClCompile Include="repo1\src\folder1\file1.c">
      <Filter>level_one</Filter>
    </ClCompile>
    <ClCompile Include="repo1\src\folder2\folder2a\file2.c">
      <Filter>level_one</Filter>
    </ClCompile>
    <ClCompile Include="src\helper.c">
      <Filter>utils</Filter>
    </ClCompile>
    <ClCompile Include="src\utils\string_utils.c">
      <Filter>utils</Filter>
    </ClCompile>
    <ClCompile Include="repo1\src\folder3\more_utils.c">
      <Filter>utils</Filter>
    </ClCompile>
  </ItemGroup>
  <ItemGroup>
    <Filter Include="utils">
      <UniqueIdentifier>{678e3f2e-9ab6-4972-b1c0-f5a267be308b}</UniqueIdentifier>
    </Filter>
    <Filter Include="level_one">
      <UniqueIdentifier>{1e17fe18-7d61-4308-9d38-425a41ee8544}</UniqueIdentifier>
    </Filter>
    <Filter Include="level_one\level_two">
      <UniqueIdentifier>{16b07392-1655-4072-b22d-4da4d6b6aaf8}</UniqueIdentifier>
    </Filter>
  </ItemGroup>
</Project>