<?xml version="1.0" encoding="utf-8"?>
<Project ToolsVersion="4.0" xmlns="http://schemas.microsoft.com/developer/msbuild/2003">
  <ItemGroup>
  <ItemGroup>
  <ItemGroup>
  <ItemGroup>
  <ItemGroup>
    <Filter Include="sources">
      <UniqueIdentifier>{06CC6A36-A176-4226-90C9-1F02236F4D94}</UniqueIdentifier>
    </Filter>
      <Filter Include="src">
      <UniqueIdentifier>{E4E2576C-215A-45E9-84D6-6C10DFEAA960}</UniqueIdentifier>
    </Filter>
    <Filter Include="src\utils">
      <UniqueIdentifier>{4A395CCA-6785-4715-9C19-813F9766DA5E}</UniqueIdentifier>
    </Filter>
    <Filter Include="src">
      <UniqueIdentifier>{AC632CBD-CA93-4FC4-98D5-14B15848828B}</UniqueIdentifier>
    </Filter>
    <Filter Include="src\utils">
      <UniqueIdentifier>{A12A4646-79EF-4679-BFC2-631BEC728056}</UniqueIdentifier>
    </Filter>
    <Filter Include="src\utils">
      <UniqueIdentifier>{01925B8C-8EC5-4318-B769-85E0D4F93E15}</UniqueIdentifier>
    </Filter>
    <Filter Include="src">
      <UniqueIdentifier>{8F4EB054-EDCA-41C0-B5E8-3DA696EF581A}</UniqueIdentifier>
    </Filter>
    <Filter Include="include">
      <UniqueIdentifier>{DF978435-C0F4-4443-A184-4E0AD2F0E191}</UniqueIdentifier>
    </Filter>
    <Filter Include="src">
      <UniqueIdentifier>{A26234E1-F328-4B95-8138-EEB11E925E1A}</UniqueIdentifier>
    </Filter>
    <Filter Include="include">
      <UniqueIdentifier>{4B8D8C54-B9DC-492D-B7CD-A5271A94337D}</UniqueIdentifier>
    </Filter>
</ItemGroup>
  </ItemGroup>
  </ItemGroup>
  </ItemGroup>
  </ItemGroup>
  <ItemGroup>
  </ItemGroup>
  <ItemGroup>
  </ItemGroup>
  <ItemGroup>
  </ItemGroup>
  <ItemGroup>
  </ItemGroup>
  <ItemGroup>
    <ClCompile Include="main.c">
      <Filter>Source Files</Filter>
    </ClCompile>
    <ClCompile Include="src\helper.c">
      <Filter>sources</Filter>
    </ClCompile>
    <ClCompile Include="src\utils\string_utils.c">
      <Filter>sources</Filter>
    </ClCompile>
      <ClCompile Include="main.c">
      <Filter>Source Files</Filter>
    </ClCompile>
    <ClCompile Include="src\helper.c">
      <Filter>src</Filter>
    </ClCompile>
    <ClCompile Include="src\utils\string_utils.c">
      <Filter>src\utils</Filter>
    </ClCompile>
    <ClCompile Include="main.c">
      <Filter>Source Files</Filter>
    </ClCompile>
    <ClCompile Include="src\helper.c">
      <Filter>src</Filter>
    </ClCompile>
    <ClCompile Include="src\utils\string_utils.c">
      <Filter>src\utils</Filter>
    </ClCompile>
    <ClCompile Include="main.c">
      <Filter>Source Files</Filter>
    </ClCompile>
    <ClCompile Include="src\helper.c">
      <Filter>src</Filter>
    </ClCompile>
    <ClCompile Include="src\utils\string_utils.c">
      <Filter>src\utils</Filter>
    </ClCompile>
    <ClCompile Include="main.c">
      <Filter>Source Files</Filter>
    </ClCompile>
    <ClCompile Include="src\helper.c">
      <Filter>src</Filter>
    </ClCompile>
</ItemGroup>
</Project>